
Microsoft Visual Studio Solution File, Format Version 12.00
# Visual Studio Version 17
VisualStudioVersion = 17.10.35122.118
MinimumVisualStudioVersion = 10.0.40219.1
Project("{FAE04EC0-301F-11D3-BF4B-00C04F79EFBC}") = "MediCheck 2.0", "MediCheck 2.0\MediCheck 2.0.csproj", "{435A1CDF-2A42-4212-9D80-AA031D3F337D}"
EndProject
Global
	GlobalSection(SolutionConfigurationPlatforms) = preSolution
		Debug|Any CPU = Debug|Any CPU
		Release|Any CPU = Release|Any CPU
	EndGlobalSection
	GlobalSection(ProjectConfigurationPlatforms) = postSolution
		{435A1CDF-2A42-4212-9D80-AA031D3F337D}.Debug|Any CPU.ActiveCfg = Debug|Any CPU
		{435A1CDF-2A42-4212-9D80-AA031D3F337D}.Debug|Any CPU.Build.0 = Debug|Any CPU
		{435A1CDF-2A42-4212-9D80-AA031D3F337D}.Release|Any CPU.ActiveCfg = Release|Any CPU
		{435A1CDF-2A42-4212-9D80-AA031D3F337D}.Release|Any CPU.Build.0 = Release|Any CPU
	EndGlobalSection
	GlobalSection(SolutionProperties) = preSolution
		HideSolutionNode = FALSE
	EndGlobalSection
	GlobalSection(ExtensibilityGlobals) = postSolution
		SolutionGuid = {F56349DD-52D4-40E8-A65B-4341D35F6F31}
	EndGlobalSection
EndGlobal
